
Microsoft Visual Studio Solution File, Format Version 12.00
# Visual Studio 15
VisualStudioVersion = 15.0.28307.329
MinimumVisualStudioVersion = 10.0.40219.1
Project("{9A19103F-16F7-4668-BE54-9A1E7A4F7556}") = "TurtlecoinRpc", "TurtlecoinRpc\TurtlecoinRpc.csproj", "{722B87BE-9B1E-47A8-96B8-933101964105}"
EndProject
Project("{9A19103F-16F7-4668-BE54-9A1E7A4F7556}") = "DeroGoldRemoteDaemonProxy", "DeroGoldRemoteDaemonProxy\DeroGoldRemoteDaemonProxy.csproj", "{596EDC78-E23B-4B1E-9A32-DC3D9275D467}"
EndProject
Global
	GlobalSection(SolutionConfigurationPlatforms) = preSolution
		Debug|Any CPU = Debug|Any CPU
		Release|Any CPU = Release|Any CPU
	EndGlobalSection
	GlobalSection(ProjectConfigurationPlatforms) = postSolution
		{722B87BE-9B1E-47A8-96B8-933101964105}.Debug|Any CPU.ActiveCfg = Debug|Any CPU
		{722B87BE-9B1E-47A8-96B8-933101964105}.Debug|Any CPU.Build.0 = Debug|Any CPU
		{722B87BE-9B1E-47A8-96B8-933101964105}.Release|Any CPU.ActiveCfg = Release|Any CPU
		{722B87BE-9B1E-47A8-96B8-933101964105}.Release|Any CPU.Build.0 = Release|Any CPU
		{596EDC78-E23B-4B1E-9A32-DC3D9275D467}.Debug|Any CPU.ActiveCfg = Debug|Any CPU
		{596EDC78-E23B-4B1E-9A32-DC3D9275D467}.Debug|Any CPU.Build.0 = Debug|Any CPU
		{596EDC78-E23B-4B1E-9A32-DC3D9275D467}.Release|Any CPU.ActiveCfg = Release|Any CPU
		{596EDC78-E23B-4B1E-9A32-DC3D9275D467}.Release|Any CPU.Build.0 = Release|Any CPU
	EndGlobalSection
	GlobalSection(SolutionProperties) = preSolution
		HideSolutionNode = FALSE
	EndGlobalSection
	GlobalSection(ExtensibilityGlobals) = postSolution
		SolutionGuid = {B9679239-3AE7-4E76-BADA-E549A4501A88}
	EndGlobalSection
EndGlobal
