
Microsoft Visual Studio Solution File, Format Version 12.00
# Visual Studio 15
VisualStudioVersion = 15.0.28307.329
MinimumVisualStudioVersion = 10.0.40219.1
Project("{9A19103F-16F7-4668-BE54-9A1E7A4F7556}") = "TurtlecoinRpc", "TurtlecoinRpc\TurtlecoinRpc.csproj", "{722B87BE-9B1E-47A8-96B8-933101964105}"
EndProject
Project("{FAE04EC0-301F-11D3-BF4B-00C04F79EFBC}") = "DeroGoldDaemonProxy", "DeroGoldDaemonProxy\DeroGoldDaemonProxy.csproj", "{C6D7E04E-8059-4BF9-A072-6B3AE4D83274}"
EndProject
Project("{9A19103F-16F7-4668-BE54-9A1E7A4F7556}") = "TheDialgaTeam.DependencyInjection", "TheDialgaTeam.DependencyInjection\TheDialgaTeam.DependencyInjection.csproj", "{611F9101-5320-4DF0-86F0-FDDA430AC172}"
EndProject
Global
	GlobalSection(SolutionConfigurationPlatforms) = preSolution
		Debug|Any CPU = Debug|Any CPU
		Release|Any CPU = Release|Any CPU
	EndGlobalSection
	GlobalSection(ProjectConfigurationPlatforms) = postSolution
		{722B87BE-9B1E-47A8-96B8-933101964105}.Debug|Any CPU.ActiveCfg = Debug|Any CPU
		{722B87BE-9B1E-47A8-96B8-933101964105}.Debug|Any CPU.Build.0 = Debug|Any CPU
		{722B87BE-9B1E-47A8-96B8-933101964105}.Release|Any CPU.ActiveCfg = Release|Any CPU
		{722B87BE-9B1E-47A8-96B8-933101964105}.Release|Any CPU.Build.0 = Release|Any CPU
		{C6D7E04E-8059-4BF9-A072-6B3AE4D83274}.Debug|Any CPU.ActiveCfg = Debug|Any CPU
		{C6D7E04E-8059-4BF9-A072-6B3AE4D83274}.Debug|Any CPU.Build.0 = Debug|Any CPU
		{C6D7E04E-8059-4BF9-A072-6B3AE4D83274}.Release|Any CPU.ActiveCfg = Release|Any CPU
		{C6D7E04E-8059-4BF9-A072-6B3AE4D83274}.Release|Any CPU.Build.0 = Release|Any CPU
		{611F9101-5320-4DF0-86F0-FDDA430AC172}.Debug|Any CPU.ActiveCfg = Debug|Any CPU
		{611F9101-5320-4DF0-86F0-FDDA430AC172}.Debug|Any CPU.Build.0 = Debug|Any CPU
		{611F9101-5320-4DF0-86F0-FDDA430AC172}.Release|Any CPU.ActiveCfg = Release|Any CPU
		{611F9101-5320-4DF0-86F0-FDDA430AC172}.Release|Any CPU.Build.0 = Release|Any CPU
	EndGlobalSection
	GlobalSection(SolutionProperties) = preSolution
		HideSolutionNode = FALSE
	EndGlobalSection
	GlobalSection(ExtensibilityGlobals) = postSolution
		SolutionGuid = {B9679239-3AE7-4E76-BADA-E549A4501A88}
	EndGlobalSection
EndGlobal
